
Microsoft Visual Studio Solution File, Format Version 12.00
# Visual Studio Version 16
VisualStudioVersion = 16.0.30225.117
MinimumVisualStudioVersion = 10.0.40219.1
Project("{FAE04EC0-301F-11D3-BF4B-00C04F79EFBC}") = "HelloApp", "HelloApp\HelloApp.csproj", "{ED2CE984-B299-4554-8EC7-7188F596AC03}"
EndProject
Project("{FAE04EC0-301F-11D3-BF4B-00C04F79EFBC}") = "IntType", "IntType\IntType.csproj", "{F229AAFC-B046-476D-B9D0-F1516F0CA3EA}"
EndProject
Project("{FAE04EC0-301F-11D3-BF4B-00C04F79EFBC}") = "BoxingUnboxing", "BoxingUnboxing\BoxingUnboxing.csproj", "{38F1DA9C-6F4F-4111-877F-6C13C2508A0D}"
EndProject
Project("{FAE04EC0-301F-11D3-BF4B-00C04F79EFBC}") = "IntegerConversion", "IntegerConversion\IntegerConversion.csproj", "{3E6663F7-F216-4A76-8FD8-548FFD0EBB88}"
EndProject
Project("{2150E333-8FDC-42A3-9474-1A3956D46DE8}") = "CHAP03", "CHAP03", "{E67A3D48-9841-41AD-8CA4-77990ECB626C}"
EndProject
Project("{2150E333-8FDC-42A3-9474-1A3956D46DE8}") = "CHAP02", "CHAP02", "{28DE5642-55DC-48E2-AF23-74905EEDCBA8}"
EndProject
Project("{FAE04EC0-301F-11D3-BF4B-00C04F79EFBC}") = "StringNumberConversion", "StringNumberConversion\StringNumberConversion.csproj", "{C2267144-5032-4346-BFF0-1B6F28655661}"
EndProject
Global
	GlobalSection(SolutionConfigurationPlatforms) = preSolution
		Debug|Any CPU = Debug|Any CPU
		Release|Any CPU = Release|Any CPU
	EndGlobalSection
	GlobalSection(ProjectConfigurationPlatforms) = postSolution
		{ED2CE984-B299-4554-8EC7-7188F596AC03}.Debug|Any CPU.ActiveCfg = Debug|Any CPU
		{ED2CE984-B299-4554-8EC7-7188F596AC03}.Debug|Any CPU.Build.0 = Debug|Any CPU
		{ED2CE984-B299-4554-8EC7-7188F596AC03}.Release|Any CPU.ActiveCfg = Release|Any CPU
		{ED2CE984-B299-4554-8EC7-7188F596AC03}.Release|Any CPU.Build.0 = Release|Any CPU
		{F229AAFC-B046-476D-B9D0-F1516F0CA3EA}.Debug|Any CPU.ActiveCfg = Debug|Any CPU
		{F229AAFC-B046-476D-B9D0-F1516F0CA3EA}.Debug|Any CPU.Build.0 = Debug|Any CPU
		{F229AAFC-B046-476D-B9D0-F1516F0CA3EA}.Release|Any CPU.ActiveCfg = Release|Any CPU
		{F229AAFC-B046-476D-B9D0-F1516F0CA3EA}.Release|Any CPU.Build.0 = Release|Any CPU
		{38F1DA9C-6F4F-4111-877F-6C13C2508A0D}.Debug|Any CPU.ActiveCfg = Debug|Any CPU
		{38F1DA9C-6F4F-4111-877F-6C13C2508A0D}.Debug|Any CPU.Build.0 = Debug|Any CPU
		{38F1DA9C-6F4F-4111-877F-6C13C2508A0D}.Release|Any CPU.ActiveCfg = Release|Any CPU
		{38F1DA9C-6F4F-4111-877F-6C13C2508A0D}.Release|Any CPU.Build.0 = Release|Any CPU
		{3E6663F7-F216-4A76-8FD8-548FFD0EBB88}.Debug|Any CPU.ActiveCfg = Debug|Any CPU
		{3E6663F7-F216-4A76-8FD8-548FFD0EBB88}.Debug|Any CPU.Build.0 = Debug|Any CPU
		{3E6663F7-F216-4A76-8FD8-548FFD0EBB88}.Release|Any CPU.ActiveCfg = Release|Any CPU
		{3E6663F7-F216-4A76-8FD8-548FFD0EBB88}.Release|Any CPU.Build.0 = Release|Any CPU
		{C2267144-5032-4346-BFF0-1B6F28655661}.Debug|Any CPU.ActiveCfg = Debug|Any CPU
		{C2267144-5032-4346-BFF0-1B6F28655661}.Debug|Any CPU.Build.0 = Debug|Any CPU
		{C2267144-5032-4346-BFF0-1B6F28655661}.Release|Any CPU.ActiveCfg = Release|Any CPU
		{C2267144-5032-4346-BFF0-1B6F28655661}.Release|Any CPU.Build.0 = Release|Any CPU
	EndGlobalSection
	GlobalSection(SolutionProperties) = preSolution
		HideSolutionNode = FALSE
	EndGlobalSection
	GlobalSection(NestedProjects) = preSolution
		{ED2CE984-B299-4554-8EC7-7188F596AC03} = {28DE5642-55DC-48E2-AF23-74905EEDCBA8}
		{F229AAFC-B046-476D-B9D0-F1516F0CA3EA} = {E67A3D48-9841-41AD-8CA4-77990ECB626C}
		{38F1DA9C-6F4F-4111-877F-6C13C2508A0D} = {E67A3D48-9841-41AD-8CA4-77990ECB626C}
		{3E6663F7-F216-4A76-8FD8-548FFD0EBB88} = {E67A3D48-9841-41AD-8CA4-77990ECB626C}
		{C2267144-5032-4346-BFF0-1B6F28655661} = {E67A3D48-9841-41AD-8CA4-77990ECB626C}
	EndGlobalSection
	GlobalSection(ExtensibilityGlobals) = postSolution
		SolutionGuid = {293FF22A-9D6F-4856-8B78-69B2A6F0037C}
	EndGlobalSection
EndGlobal
