
Microsoft Visual Studio Solution File, Format Version 12.00
# Visual Studio Version 16
VisualStudioVersion = 16.0.30225.117
MinimumVisualStudioVersion = 10.0.40219.1
Project("{FAE04EC0-301F-11D3-BF4B-00C04F79EFBC}") = "HelloApp", "HelloApp\HelloApp.csproj", "{ED2CE984-B299-4554-8EC7-7188F596AC03}"
EndProject
Project("{FAE04EC0-301F-11D3-BF4B-00C04F79EFBC}") = "IntType", "IntType\IntType.csproj", "{F229AAFC-B046-476D-B9D0-F1516F0CA3EA}"
EndProject
Project("{9A19103F-16F7-4668-BE54-9A1E7A4F7556}") = "BoxingUnboxing", "BoxingUnboxing\BoxingUnboxing.csproj", "{38F1DA9C-6F4F-4111-877F-6C13C2508A0D}"
EndProject
Project("{9A19103F-16F7-4668-BE54-9A1E7A4F7556}") = "IntegerConversion", "IntegerConversion\IntegerConversion.csproj", "{3E6663F7-F216-4A76-8FD8-548FFD0EBB88}"
EndProject
Project("{2150E333-8FDC-42A3-9474-1A3956D46DE8}") = "CHAP03", "CHAP03", "{E67A3D48-9841-41AD-8CA4-77990ECB626C}"
EndProject
Project("{2150E333-8FDC-42A3-9474-1A3956D46DE8}") = "CHAP02", "CHAP02", "{28DE5642-55DC-48E2-AF23-74905EEDCBA8}"
EndProject
Project("{9A19103F-16F7-4668-BE54-9A1E7A4F7556}") = "StringNumberConversion", "StringNumberConversion\StringNumberConversion.csproj", "{C2267144-5032-4346-BFF0-1B6F28655661}"
EndProject
Project("{FAE04EC0-301F-11D3-BF4B-00C04F79EFBC}") = "EnumApp", "EnumApp\EnumApp.csproj", "{92AA374C-904E-4385-AA0E-7A4F647BC4B4}"
EndProject
Project("{FAE04EC0-301F-11D3-BF4B-00C04F79EFBC}") = "Nullable", "Nullable\Nullable.csproj", "{854DED0C-E331-40EB-9A65-784B9ACB9E35}"
EndProject
Project("{2150E333-8FDC-42A3-9474-1A3956D46DE8}") = "CHAP04", "CHAP04", "{776F9554-273F-4DD5-9EDE-1B8E18FBB22B}"
EndProject
Project("{2150E333-8FDC-42A3-9474-1A3956D46DE8}") = "APPENDIX_A", "APPENDIX_A", "{08F98E25-B93F-4F5C-B558-185D1A5C5FE7}"
EndProject
Project("{FAE04EC0-301F-11D3-BF4B-00C04F79EFBC}") = "StirngSerchApp", "StirngSerchApp\StirngSerchApp.csproj", "{CB6A3AC3-0046-4152-A119-CD94F1A0DF9F}"
EndProject
Project("{FAE04EC0-301F-11D3-BF4B-00C04F79EFBC}") = "IfElseApp", "IfElse\IfElseApp.csproj", "{F73CA97A-6C0F-4E52-A8CE-79788CF97C01}"
EndProject
Project("{2150E333-8FDC-42A3-9474-1A3956D46DE8}") = "CHAP05", "CHAP05", "{D5C67D60-FAEB-4CF9-9339-ACE8E6CA22A8}"
EndProject
Project("{FAE04EC0-301F-11D3-BF4B-00C04F79EFBC}") = "SwichCaseApp", "SwichCaseApp\SwichCaseApp.csproj", "{91BA4B3B-8E7F-448E-B5AA-C7740D00223A}"
EndProject
Project("{FAE04EC0-301F-11D3-BF4B-00C04F79EFBC}") = "WhileApp", "WhileApp\WhileApp.csproj", "{F531595E-C314-446F-9338-F53C7112C057}"
EndProject
Project("{2150E333-8FDC-42A3-9474-1A3956D46DE8}") = "CHAP06", "CHAP06", "{5861F109-40AA-4E47-B9DA-8E9EAE8E723A}"
EndProject
Project("{FAE04EC0-301F-11D3-BF4B-00C04F79EFBC}") = "SwapByValue_REF", "SWAPBYVALUE\SwapByValue_REF.csproj", "{2774437F-3F54-4488-B29B-1D76E8217D7D}"
EndProject
Project("{FAE04EC0-301F-11D3-BF4B-00C04F79EFBC}") = "RefReturn", "RefReturn\RefReturn.csproj", "{1A16EAC9-0BC0-4DAE-B5D2-C3084F168338}"
EndProject
Project("{FAE04EC0-301F-11D3-BF4B-00C04F79EFBC}") = "UsingOUT", "UsingOUT\UsingOUT.csproj", "{D168DE3C-4B27-4F75-85ED-BD07508BBBB6}"
EndProject
Project("{FAE04EC0-301F-11D3-BF4B-00C04F79EFBC}") = "OverRoadingApp", "OverRoadingApp\OverRoadingApp.csproj", "{1370BF48-6BC1-4826-8806-0AC67B191864}"
EndProject
Project("{FAE04EC0-301F-11D3-BF4B-00C04F79EFBC}") = "LocalFuntion", "LocalFuntion\LocalFuntion.csproj", "{C371DFED-1C75-46F0-93D1-46CCC98B564C}"
EndProject
Project("{2150E333-8FDC-42A3-9474-1A3956D46DE8}") = "CHAP07", "CHAP07", "{F963489C-B086-48CC-86FD-F5ECDD691241}"
EndProject
Project("{FAE04EC0-301F-11D3-BF4B-00C04F79EFBC}") = "BaisicClass", "BaisicClass\BaisicClass.csproj", "{DA134762-5048-4DDF-AD3C-014E8929F228}"
EndProject
Project("{FAE04EC0-301F-11D3-BF4B-00C04F79EFBC}") = "StaticField", "StaticBuild\StaticField.csproj", "{73426F17-70DD-43BA-BC55-3D9DE23E3A19}"
EndProject
Project("{FAE04EC0-301F-11D3-BF4B-00C04F79EFBC}") = "DeepCopy", "DeepCopy\DeepCopy.csproj", "{F7E1AAA6-24E0-4C44-A347-E2691CEFA20C}"
EndProject
Project("{FAE04EC0-301F-11D3-BF4B-00C04F79EFBC}") = "AccessModifier", "AccessModifier\AccessModifier.csproj", "{A283AC03-4F5A-4614-82DD-09CA56D7419D}"
EndProject
Project("{FAE04EC0-301F-11D3-BF4B-00C04F79EFBC}") = "Inheritance", "Inheritance\Inheritance.csproj", "{52A1C19D-84C8-4B0E-95B8-71DA747DA84B}"
EndProject
Project("{FAE04EC0-301F-11D3-BF4B-00C04F79EFBC}") = "TypeCasting", "TypeCasting\TypeCasting.csproj", "{2D3B0A51-03A4-41D6-875F-E496C1230B6B}"
EndProject
Project("{FAE04EC0-301F-11D3-BF4B-00C04F79EFBC}") = "Overriding", "Overriding\Overriding.csproj", "{F3FE8680-8E6C-480C-BD0E-5C7507C67024}"
EndProject
Project("{FAE04EC0-301F-11D3-BF4B-00C04F79EFBC}") = "NestedClass", "NestedClass\NestedClass.csproj", "{15C19156-6747-4877-8617-81CC4C2F19E2}"
EndProject
Project("{FAE04EC0-301F-11D3-BF4B-00C04F79EFBC}") = "ExtensionMethod", "ExtensionMethod\ExtensionMethod.csproj", "{372E45D1-38F8-4A20-B3D2-BD63FF5B363D}"
EndProject
Project("{FAE04EC0-301F-11D3-BF4B-00C04F79EFBC}") = "Structure", "Structure\Structure.csproj", "{1EB067F8-885F-484D-92D3-87E3D21CF32D}"
EndProject
Project("{FAE04EC0-301F-11D3-BF4B-00C04F79EFBC}") = "Tuple", "Tuple\Tuple.csproj", "{1130F725-85B5-4BE4-B04C-39233B9FF87A}"
EndProject
Project("{2150E333-8FDC-42A3-9474-1A3956D46DE8}") = "CHAP08", "CHAP08", "{3D364EDF-5D6D-4580-9405-B0E99C2D8884}"
EndProject
Project("{FAE04EC0-301F-11D3-BF4B-00C04F79EFBC}") = "InterfaceApp", "InterfaceApp\InterfaceApp.csproj", "{D2800754-6BCE-48B8-9D52-8D6B6B4D4D8A}"
EndProject
Global
	GlobalSection(SolutionConfigurationPlatforms) = preSolution
		Debug|Any CPU = Debug|Any CPU
		Release|Any CPU = Release|Any CPU
	EndGlobalSection
	GlobalSection(ProjectConfigurationPlatforms) = postSolution
		{ED2CE984-B299-4554-8EC7-7188F596AC03}.Debug|Any CPU.ActiveCfg = Debug|Any CPU
		{ED2CE984-B299-4554-8EC7-7188F596AC03}.Debug|Any CPU.Build.0 = Debug|Any CPU
		{ED2CE984-B299-4554-8EC7-7188F596AC03}.Release|Any CPU.ActiveCfg = Release|Any CPU
		{ED2CE984-B299-4554-8EC7-7188F596AC03}.Release|Any CPU.Build.0 = Release|Any CPU
		{F229AAFC-B046-476D-B9D0-F1516F0CA3EA}.Debug|Any CPU.ActiveCfg = Debug|Any CPU
		{F229AAFC-B046-476D-B9D0-F1516F0CA3EA}.Debug|Any CPU.Build.0 = Debug|Any CPU
		{F229AAFC-B046-476D-B9D0-F1516F0CA3EA}.Release|Any CPU.ActiveCfg = Release|Any CPU
		{F229AAFC-B046-476D-B9D0-F1516F0CA3EA}.Release|Any CPU.Build.0 = Release|Any CPU
		{38F1DA9C-6F4F-4111-877F-6C13C2508A0D}.Debug|Any CPU.ActiveCfg = Debug|Any CPU
		{38F1DA9C-6F4F-4111-877F-6C13C2508A0D}.Debug|Any CPU.Build.0 = Debug|Any CPU
		{38F1DA9C-6F4F-4111-877F-6C13C2508A0D}.Release|Any CPU.ActiveCfg = Release|Any CPU
		{38F1DA9C-6F4F-4111-877F-6C13C2508A0D}.Release|Any CPU.Build.0 = Release|Any CPU
		{3E6663F7-F216-4A76-8FD8-548FFD0EBB88}.Debug|Any CPU.ActiveCfg = Debug|Any CPU
		{3E6663F7-F216-4A76-8FD8-548FFD0EBB88}.Debug|Any CPU.Build.0 = Debug|Any CPU
		{3E6663F7-F216-4A76-8FD8-548FFD0EBB88}.Release|Any CPU.ActiveCfg = Release|Any CPU
		{3E6663F7-F216-4A76-8FD8-548FFD0EBB88}.Release|Any CPU.Build.0 = Release|Any CPU
		{C2267144-5032-4346-BFF0-1B6F28655661}.Debug|Any CPU.ActiveCfg = Debug|Any CPU
		{C2267144-5032-4346-BFF0-1B6F28655661}.Debug|Any CPU.Build.0 = Debug|Any CPU
		{C2267144-5032-4346-BFF0-1B6F28655661}.Release|Any CPU.ActiveCfg = Release|Any CPU
		{C2267144-5032-4346-BFF0-1B6F28655661}.Release|Any CPU.Build.0 = Release|Any CPU
		{92AA374C-904E-4385-AA0E-7A4F647BC4B4}.Debug|Any CPU.ActiveCfg = Debug|Any CPU
		{92AA374C-904E-4385-AA0E-7A4F647BC4B4}.Debug|Any CPU.Build.0 = Debug|Any CPU
		{92AA374C-904E-4385-AA0E-7A4F647BC4B4}.Release|Any CPU.ActiveCfg = Release|Any CPU
		{92AA374C-904E-4385-AA0E-7A4F647BC4B4}.Release|Any CPU.Build.0 = Release|Any CPU
		{854DED0C-E331-40EB-9A65-784B9ACB9E35}.Debug|Any CPU.ActiveCfg = Debug|Any CPU
		{854DED0C-E331-40EB-9A65-784B9ACB9E35}.Debug|Any CPU.Build.0 = Debug|Any CPU
		{854DED0C-E331-40EB-9A65-784B9ACB9E35}.Release|Any CPU.ActiveCfg = Release|Any CPU
		{854DED0C-E331-40EB-9A65-784B9ACB9E35}.Release|Any CPU.Build.0 = Release|Any CPU
		{CB6A3AC3-0046-4152-A119-CD94F1A0DF9F}.Debug|Any CPU.ActiveCfg = Debug|Any CPU
		{CB6A3AC3-0046-4152-A119-CD94F1A0DF9F}.Debug|Any CPU.Build.0 = Debug|Any CPU
		{CB6A3AC3-0046-4152-A119-CD94F1A0DF9F}.Release|Any CPU.ActiveCfg = Release|Any CPU
		{CB6A3AC3-0046-4152-A119-CD94F1A0DF9F}.Release|Any CPU.Build.0 = Release|Any CPU
		{F73CA97A-6C0F-4E52-A8CE-79788CF97C01}.Debug|Any CPU.ActiveCfg = Debug|Any CPU
		{F73CA97A-6C0F-4E52-A8CE-79788CF97C01}.Debug|Any CPU.Build.0 = Debug|Any CPU
		{F73CA97A-6C0F-4E52-A8CE-79788CF97C01}.Release|Any CPU.ActiveCfg = Release|Any CPU
		{F73CA97A-6C0F-4E52-A8CE-79788CF97C01}.Release|Any CPU.Build.0 = Release|Any CPU
		{91BA4B3B-8E7F-448E-B5AA-C7740D00223A}.Debug|Any CPU.ActiveCfg = Debug|Any CPU
		{91BA4B3B-8E7F-448E-B5AA-C7740D00223A}.Debug|Any CPU.Build.0 = Debug|Any CPU
		{91BA4B3B-8E7F-448E-B5AA-C7740D00223A}.Release|Any CPU.ActiveCfg = Release|Any CPU
		{91BA4B3B-8E7F-448E-B5AA-C7740D00223A}.Release|Any CPU.Build.0 = Release|Any CPU
		{F531595E-C314-446F-9338-F53C7112C057}.Debug|Any CPU.ActiveCfg = Debug|Any CPU
		{F531595E-C314-446F-9338-F53C7112C057}.Debug|Any CPU.Build.0 = Debug|Any CPU
		{F531595E-C314-446F-9338-F53C7112C057}.Release|Any CPU.ActiveCfg = Release|Any CPU
		{F531595E-C314-446F-9338-F53C7112C057}.Release|Any CPU.Build.0 = Release|Any CPU
		{2774437F-3F54-4488-B29B-1D76E8217D7D}.Debug|Any CPU.ActiveCfg = Debug|Any CPU
		{2774437F-3F54-4488-B29B-1D76E8217D7D}.Debug|Any CPU.Build.0 = Debug|Any CPU
		{2774437F-3F54-4488-B29B-1D76E8217D7D}.Release|Any CPU.ActiveCfg = Release|Any CPU
		{2774437F-3F54-4488-B29B-1D76E8217D7D}.Release|Any CPU.Build.0 = Release|Any CPU
		{1A16EAC9-0BC0-4DAE-B5D2-C3084F168338}.Debug|Any CPU.ActiveCfg = Debug|Any CPU
		{1A16EAC9-0BC0-4DAE-B5D2-C3084F168338}.Debug|Any CPU.Build.0 = Debug|Any CPU
		{1A16EAC9-0BC0-4DAE-B5D2-C3084F168338}.Release|Any CPU.ActiveCfg = Release|Any CPU
		{1A16EAC9-0BC0-4DAE-B5D2-C3084F168338}.Release|Any CPU.Build.0 = Release|Any CPU
		{D168DE3C-4B27-4F75-85ED-BD07508BBBB6}.Debug|Any CPU.ActiveCfg = Debug|Any CPU
		{D168DE3C-4B27-4F75-85ED-BD07508BBBB6}.Debug|Any CPU.Build.0 = Debug|Any CPU
		{D168DE3C-4B27-4F75-85ED-BD07508BBBB6}.Release|Any CPU.ActiveCfg = Release|Any CPU
		{D168DE3C-4B27-4F75-85ED-BD07508BBBB6}.Release|Any CPU.Build.0 = Release|Any CPU
		{1370BF48-6BC1-4826-8806-0AC67B191864}.Debug|Any CPU.ActiveCfg = Debug|Any CPU
		{1370BF48-6BC1-4826-8806-0AC67B191864}.Debug|Any CPU.Build.0 = Debug|Any CPU
		{1370BF48-6BC1-4826-8806-0AC67B191864}.Release|Any CPU.ActiveCfg = Release|Any CPU
		{1370BF48-6BC1-4826-8806-0AC67B191864}.Release|Any CPU.Build.0 = Release|Any CPU
		{C371DFED-1C75-46F0-93D1-46CCC98B564C}.Debug|Any CPU.ActiveCfg = Debug|Any CPU
		{C371DFED-1C75-46F0-93D1-46CCC98B564C}.Debug|Any CPU.Build.0 = Debug|Any CPU
		{C371DFED-1C75-46F0-93D1-46CCC98B564C}.Release|Any CPU.ActiveCfg = Release|Any CPU
		{C371DFED-1C75-46F0-93D1-46CCC98B564C}.Release|Any CPU.Build.0 = Release|Any CPU
		{DA134762-5048-4DDF-AD3C-014E8929F228}.Debug|Any CPU.ActiveCfg = Debug|Any CPU
		{DA134762-5048-4DDF-AD3C-014E8929F228}.Debug|Any CPU.Build.0 = Debug|Any CPU
		{DA134762-5048-4DDF-AD3C-014E8929F228}.Release|Any CPU.ActiveCfg = Release|Any CPU
		{DA134762-5048-4DDF-AD3C-014E8929F228}.Release|Any CPU.Build.0 = Release|Any CPU
		{73426F17-70DD-43BA-BC55-3D9DE23E3A19}.Debug|Any CPU.ActiveCfg = Debug|Any CPU
		{73426F17-70DD-43BA-BC55-3D9DE23E3A19}.Debug|Any CPU.Build.0 = Debug|Any CPU
		{73426F17-70DD-43BA-BC55-3D9DE23E3A19}.Release|Any CPU.ActiveCfg = Release|Any CPU
		{73426F17-70DD-43BA-BC55-3D9DE23E3A19}.Release|Any CPU.Build.0 = Release|Any CPU
		{F7E1AAA6-24E0-4C44-A347-E2691CEFA20C}.Debug|Any CPU.ActiveCfg = Debug|Any CPU
		{F7E1AAA6-24E0-4C44-A347-E2691CEFA20C}.Debug|Any CPU.Build.0 = Debug|Any CPU
		{F7E1AAA6-24E0-4C44-A347-E2691CEFA20C}.Release|Any CPU.ActiveCfg = Release|Any CPU
		{F7E1AAA6-24E0-4C44-A347-E2691CEFA20C}.Release|Any CPU.Build.0 = Release|Any CPU
		{A283AC03-4F5A-4614-82DD-09CA56D7419D}.Debug|Any CPU.ActiveCfg = Debug|Any CPU
		{A283AC03-4F5A-4614-82DD-09CA56D7419D}.Debug|Any CPU.Build.0 = Debug|Any CPU
		{A283AC03-4F5A-4614-82DD-09CA56D7419D}.Release|Any CPU.ActiveCfg = Release|Any CPU
		{A283AC03-4F5A-4614-82DD-09CA56D7419D}.Release|Any CPU.Build.0 = Release|Any CPU
		{52A1C19D-84C8-4B0E-95B8-71DA747DA84B}.Debug|Any CPU.ActiveCfg = Debug|Any CPU
		{52A1C19D-84C8-4B0E-95B8-71DA747DA84B}.Debug|Any CPU.Build.0 = Debug|Any CPU
		{52A1C19D-84C8-4B0E-95B8-71DA747DA84B}.Release|Any CPU.ActiveCfg = Release|Any CPU
		{52A1C19D-84C8-4B0E-95B8-71DA747DA84B}.Release|Any CPU.Build.0 = Release|Any CPU
		{2D3B0A51-03A4-41D6-875F-E496C1230B6B}.Debug|Any CPU.ActiveCfg = Debug|Any CPU
		{2D3B0A51-03A4-41D6-875F-E496C1230B6B}.Debug|Any CPU.Build.0 = Debug|Any CPU
		{2D3B0A51-03A4-41D6-875F-E496C1230B6B}.Release|Any CPU.ActiveCfg = Release|Any CPU
		{2D3B0A51-03A4-41D6-875F-E496C1230B6B}.Release|Any CPU.Build.0 = Release|Any CPU
		{F3FE8680-8E6C-480C-BD0E-5C7507C67024}.Debug|Any CPU.ActiveCfg = Debug|Any CPU
		{F3FE8680-8E6C-480C-BD0E-5C7507C67024}.Debug|Any CPU.Build.0 = Debug|Any CPU
		{F3FE8680-8E6C-480C-BD0E-5C7507C67024}.Release|Any CPU.ActiveCfg = Release|Any CPU
		{F3FE8680-8E6C-480C-BD0E-5C7507C67024}.Release|Any CPU.Build.0 = Release|Any CPU
		{15C19156-6747-4877-8617-81CC4C2F19E2}.Debug|Any CPU.ActiveCfg = Debug|Any CPU
		{15C19156-6747-4877-8617-81CC4C2F19E2}.Debug|Any CPU.Build.0 = Debug|Any CPU
		{15C19156-6747-4877-8617-81CC4C2F19E2}.Release|Any CPU.ActiveCfg = Release|Any CPU
		{15C19156-6747-4877-8617-81CC4C2F19E2}.Release|Any CPU.Build.0 = Release|Any CPU
		{372E45D1-38F8-4A20-B3D2-BD63FF5B363D}.Debug|Any CPU.ActiveCfg = Debug|Any CPU
		{372E45D1-38F8-4A20-B3D2-BD63FF5B363D}.Debug|Any CPU.Build.0 = Debug|Any CPU
		{372E45D1-38F8-4A20-B3D2-BD63FF5B363D}.Release|Any CPU.ActiveCfg = Release|Any CPU
		{372E45D1-38F8-4A20-B3D2-BD63FF5B363D}.Release|Any CPU.Build.0 = Release|Any CPU
		{1EB067F8-885F-484D-92D3-87E3D21CF32D}.Debug|Any CPU.ActiveCfg = Debug|Any CPU
		{1EB067F8-885F-484D-92D3-87E3D21CF32D}.Debug|Any CPU.Build.0 = Debug|Any CPU
		{1EB067F8-885F-484D-92D3-87E3D21CF32D}.Release|Any CPU.ActiveCfg = Release|Any CPU
		{1EB067F8-885F-484D-92D3-87E3D21CF32D}.Release|Any CPU.Build.0 = Release|Any CPU
		{1130F725-85B5-4BE4-B04C-39233B9FF87A}.Debug|Any CPU.ActiveCfg = Debug|Any CPU
		{1130F725-85B5-4BE4-B04C-39233B9FF87A}.Debug|Any CPU.Build.0 = Debug|Any CPU
		{1130F725-85B5-4BE4-B04C-39233B9FF87A}.Release|Any CPU.ActiveCfg = Release|Any CPU
		{1130F725-85B5-4BE4-B04C-39233B9FF87A}.Release|Any CPU.Build.0 = Release|Any CPU
		{D2800754-6BCE-48B8-9D52-8D6B6B4D4D8A}.Debug|Any CPU.ActiveCfg = Debug|Any CPU
		{D2800754-6BCE-48B8-9D52-8D6B6B4D4D8A}.Debug|Any CPU.Build.0 = Debug|Any CPU
		{D2800754-6BCE-48B8-9D52-8D6B6B4D4D8A}.Release|Any CPU.ActiveCfg = Release|Any CPU
		{D2800754-6BCE-48B8-9D52-8D6B6B4D4D8A}.Release|Any CPU.Build.0 = Release|Any CPU
	EndGlobalSection
	GlobalSection(SolutionProperties) = preSolution
		HideSolutionNode = FALSE
	EndGlobalSection
	GlobalSection(NestedProjects) = preSolution
		{ED2CE984-B299-4554-8EC7-7188F596AC03} = {28DE5642-55DC-48E2-AF23-74905EEDCBA8}
		{F229AAFC-B046-476D-B9D0-F1516F0CA3EA} = {E67A3D48-9841-41AD-8CA4-77990ECB626C}
		{38F1DA9C-6F4F-4111-877F-6C13C2508A0D} = {E67A3D48-9841-41AD-8CA4-77990ECB626C}
		{3E6663F7-F216-4A76-8FD8-548FFD0EBB88} = {E67A3D48-9841-41AD-8CA4-77990ECB626C}
		{C2267144-5032-4346-BFF0-1B6F28655661} = {E67A3D48-9841-41AD-8CA4-77990ECB626C}
		{92AA374C-904E-4385-AA0E-7A4F647BC4B4} = {E67A3D48-9841-41AD-8CA4-77990ECB626C}
		{854DED0C-E331-40EB-9A65-784B9ACB9E35} = {E67A3D48-9841-41AD-8CA4-77990ECB626C}
		{08F98E25-B93F-4F5C-B558-185D1A5C5FE7} = {776F9554-273F-4DD5-9EDE-1B8E18FBB22B}
		{CB6A3AC3-0046-4152-A119-CD94F1A0DF9F} = {08F98E25-B93F-4F5C-B558-185D1A5C5FE7}
		{F73CA97A-6C0F-4E52-A8CE-79788CF97C01} = {D5C67D60-FAEB-4CF9-9339-ACE8E6CA22A8}
		{91BA4B3B-8E7F-448E-B5AA-C7740D00223A} = {D5C67D60-FAEB-4CF9-9339-ACE8E6CA22A8}
		{F531595E-C314-446F-9338-F53C7112C057} = {D5C67D60-FAEB-4CF9-9339-ACE8E6CA22A8}
		{2774437F-3F54-4488-B29B-1D76E8217D7D} = {5861F109-40AA-4E47-B9DA-8E9EAE8E723A}
		{1A16EAC9-0BC0-4DAE-B5D2-C3084F168338} = {5861F109-40AA-4E47-B9DA-8E9EAE8E723A}
		{D168DE3C-4B27-4F75-85ED-BD07508BBBB6} = {5861F109-40AA-4E47-B9DA-8E9EAE8E723A}
		{1370BF48-6BC1-4826-8806-0AC67B191864} = {5861F109-40AA-4E47-B9DA-8E9EAE8E723A}
		{C371DFED-1C75-46F0-93D1-46CCC98B564C} = {5861F109-40AA-4E47-B9DA-8E9EAE8E723A}
		{DA134762-5048-4DDF-AD3C-014E8929F228} = {F963489C-B086-48CC-86FD-F5ECDD691241}
		{73426F17-70DD-43BA-BC55-3D9DE23E3A19} = {F963489C-B086-48CC-86FD-F5ECDD691241}
		{F7E1AAA6-24E0-4C44-A347-E2691CEFA20C} = {F963489C-B086-48CC-86FD-F5ECDD691241}
		{A283AC03-4F5A-4614-82DD-09CA56D7419D} = {F963489C-B086-48CC-86FD-F5ECDD691241}
		{52A1C19D-84C8-4B0E-95B8-71DA747DA84B} = {F963489C-B086-48CC-86FD-F5ECDD691241}
		{2D3B0A51-03A4-41D6-875F-E496C1230B6B} = {F963489C-B086-48CC-86FD-F5ECDD691241}
		{F3FE8680-8E6C-480C-BD0E-5C7507C67024} = {F963489C-B086-48CC-86FD-F5ECDD691241}
		{15C19156-6747-4877-8617-81CC4C2F19E2} = {F963489C-B086-48CC-86FD-F5ECDD691241}
		{372E45D1-38F8-4A20-B3D2-BD63FF5B363D} = {F963489C-B086-48CC-86FD-F5ECDD691241}
		{1EB067F8-885F-484D-92D3-87E3D21CF32D} = {F963489C-B086-48CC-86FD-F5ECDD691241}
		{1130F725-85B5-4BE4-B04C-39233B9FF87A} = {F963489C-B086-48CC-86FD-F5ECDD691241}
		{D2800754-6BCE-48B8-9D52-8D6B6B4D4D8A} = {3D364EDF-5D6D-4580-9405-B0E99C2D8884}
	EndGlobalSection
	GlobalSection(ExtensibilityGlobals) = postSolution
		SolutionGuid = {293FF22A-9D6F-4856-8B78-69B2A6F0037C}
	EndGlobalSection
EndGlobal
